
Microsoft Visual Studio Solution File, Format Version 12.00
# Visual Studio 15
VisualStudioVersion = 15.0.27703.2042
MinimumVisualStudioVersion = 10.0.40219.1
Project("{FAE04EC0-301F-11D3-BF4B-00C04F79EFBC}") = "Simple_Array_Sum", "Simple_Array_Sum\Simple_Array_Sum.csproj", "{B206ED5A-A1CB-4B13-8434-9267FCF45E07}"
EndProject
Project("{FAE04EC0-301F-11D3-BF4B-00C04F79EFBC}") = "Compare_the_Triplets", "Compare_the_Triplets\Compare_the_Triplets.csproj", "{CDB89F7E-35EC-46D7-B5B4-D6479088C674}"
EndProject
Project("{FAE04EC0-301F-11D3-BF4B-00C04F79EFBC}") = "Diagonal_Difference", "Diagonal_Difference\Diagonal_Difference.csproj", "{7661D4F7-B93E-4F0A-B427-16C20564D14E}"
EndProject
Project("{FAE04EC0-301F-11D3-BF4B-00C04F79EFBC}") = "Plus_Minus", "Plus_Minus\Plus_Minus.csproj", "{28ED73D1-0A82-44B3-8CA5-F18D57E173F2}"
EndProject
Project("{FAE04EC0-301F-11D3-BF4B-00C04F79EFBC}") = "Staircase", "Staircase\Staircase.csproj", "{21913FDC-0114-4FF7-80B3-62ECCAA9A49E}"
EndProject
Project("{FAE04EC0-301F-11D3-BF4B-00C04F79EFBC}") = "Mini-Max_Sum", "Mini-Max_Sum\Mini-Max_Sum.csproj", "{49833223-9C92-438C-A47D-7CCE7E131607}"
EndProject
Project("{FAE04EC0-301F-11D3-BF4B-00C04F79EFBC}") = "Birthday_Cake_Candles", "Birthday_Cake_Candles\Birthday_Cake_Candles.csproj", "{6ECF3185-09CC-4983-8E73-D2227A539E09}"
EndProject
Project("{FAE04EC0-301F-11D3-BF4B-00C04F79EFBC}") = "Time_Conversion", "Time_Conversion\Time_Conversion.csproj", "{66202F41-746E-41F5-8482-DC1B70CBAF90}"
EndProject
Project("{FAE04EC0-301F-11D3-BF4B-00C04F79EFBC}") = "Grading_Students", "Grading_Students\Grading_Students.csproj", "{9CF5C115-3383-4FA6-B6CA-EF10AF7808A5}"
EndProject
Project("{FAE04EC0-301F-11D3-BF4B-00C04F79EFBC}") = "Apple_and _Orange", "Apple_and _Orange\Apple_and _Orange.csproj", "{266D7571-4549-4191-A8B5-9317E33B75C0}"
EndProject
Global
	GlobalSection(SolutionConfigurationPlatforms) = preSolution
		Debug|Any CPU = Debug|Any CPU
		Release|Any CPU = Release|Any CPU
	EndGlobalSection
	GlobalSection(ProjectConfigurationPlatforms) = postSolution
		{B206ED5A-A1CB-4B13-8434-9267FCF45E07}.Debug|Any CPU.ActiveCfg = Debug|Any CPU
		{B206ED5A-A1CB-4B13-8434-9267FCF45E07}.Debug|Any CPU.Build.0 = Debug|Any CPU
		{B206ED5A-A1CB-4B13-8434-9267FCF45E07}.Release|Any CPU.ActiveCfg = Release|Any CPU
		{B206ED5A-A1CB-4B13-8434-9267FCF45E07}.Release|Any CPU.Build.0 = Release|Any CPU
		{CDB89F7E-35EC-46D7-B5B4-D6479088C674}.Debug|Any CPU.ActiveCfg = Debug|Any CPU
		{CDB89F7E-35EC-46D7-B5B4-D6479088C674}.Debug|Any CPU.Build.0 = Debug|Any CPU
		{CDB89F7E-35EC-46D7-B5B4-D6479088C674}.Release|Any CPU.ActiveCfg = Release|Any CPU
		{CDB89F7E-35EC-46D7-B5B4-D6479088C674}.Release|Any CPU.Build.0 = Release|Any CPU
		{7661D4F7-B93E-4F0A-B427-16C20564D14E}.Debug|Any CPU.ActiveCfg = Debug|Any CPU
		{7661D4F7-B93E-4F0A-B427-16C20564D14E}.Debug|Any CPU.Build.0 = Debug|Any CPU
		{7661D4F7-B93E-4F0A-B427-16C20564D14E}.Release|Any CPU.ActiveCfg = Release|Any CPU
		{7661D4F7-B93E-4F0A-B427-16C20564D14E}.Release|Any CPU.Build.0 = Release|Any CPU
		{28ED73D1-0A82-44B3-8CA5-F18D57E173F2}.Debug|Any CPU.ActiveCfg = Debug|Any CPU
		{28ED73D1-0A82-44B3-8CA5-F18D57E173F2}.Debug|Any CPU.Build.0 = Debug|Any CPU
		{28ED73D1-0A82-44B3-8CA5-F18D57E173F2}.Release|Any CPU.ActiveCfg = Release|Any CPU
		{28ED73D1-0A82-44B3-8CA5-F18D57E173F2}.Release|Any CPU.Build.0 = Release|Any CPU
		{21913FDC-0114-4FF7-80B3-62ECCAA9A49E}.Debug|Any CPU.ActiveCfg = Debug|Any CPU
		{21913FDC-0114-4FF7-80B3-62ECCAA9A49E}.Debug|Any CPU.Build.0 = Debug|Any CPU
		{21913FDC-0114-4FF7-80B3-62ECCAA9A49E}.Release|Any CPU.ActiveCfg = Release|Any CPU
		{21913FDC-0114-4FF7-80B3-62ECCAA9A49E}.Release|Any CPU.Build.0 = Release|Any CPU
		{49833223-9C92-438C-A47D-7CCE7E131607}.Debug|Any CPU.ActiveCfg = Debug|Any CPU
		{49833223-9C92-438C-A47D-7CCE7E131607}.Debug|Any CPU.Build.0 = Debug|Any CPU
		{49833223-9C92-438C-A47D-7CCE7E131607}.Release|Any CPU.ActiveCfg = Release|Any CPU
		{49833223-9C92-438C-A47D-7CCE7E131607}.Release|Any CPU.Build.0 = Release|Any CPU
		{6ECF3185-09CC-4983-8E73-D2227A539E09}.Debug|Any CPU.ActiveCfg = Debug|Any CPU
		{6ECF3185-09CC-4983-8E73-D2227A539E09}.Debug|Any CPU.Build.0 = Debug|Any CPU
		{6ECF3185-09CC-4983-8E73-D2227A539E09}.Release|Any CPU.ActiveCfg = Release|Any CPU
		{6ECF3185-09CC-4983-8E73-D2227A539E09}.Release|Any CPU.Build.0 = Release|Any CPU
		{66202F41-746E-41F5-8482-DC1B70CBAF90}.Debug|Any CPU.ActiveCfg = Debug|Any CPU
		{66202F41-746E-41F5-8482-DC1B70CBAF90}.Debug|Any CPU.Build.0 = Debug|Any CPU
		{66202F41-746E-41F5-8482-DC1B70CBAF90}.Release|Any CPU.ActiveCfg = Release|Any CPU
		{66202F41-746E-41F5-8482-DC1B70CBAF90}.Release|Any CPU.Build.0 = Release|Any CPU
		{9CF5C115-3383-4FA6-B6CA-EF10AF7808A5}.Debug|Any CPU.ActiveCfg = Debug|Any CPU
		{9CF5C115-3383-4FA6-B6CA-EF10AF7808A5}.Debug|Any CPU.Build.0 = Debug|Any CPU
		{9CF5C115-3383-4FA6-B6CA-EF10AF7808A5}.Release|Any CPU.ActiveCfg = Release|Any CPU
		{9CF5C115-3383-4FA6-B6CA-EF10AF7808A5}.Release|Any CPU.Build.0 = Release|Any CPU
		{266D7571-4549-4191-A8B5-9317E33B75C0}.Debug|Any CPU.ActiveCfg = Debug|Any CPU
		{266D7571-4549-4191-A8B5-9317E33B75C0}.Debug|Any CPU.Build.0 = Debug|Any CPU
		{266D7571-4549-4191-A8B5-9317E33B75C0}.Release|Any CPU.ActiveCfg = Release|Any CPU
		{266D7571-4549-4191-A8B5-9317E33B75C0}.Release|Any CPU.Build.0 = Release|Any CPU
	EndGlobalSection
	GlobalSection(SolutionProperties) = preSolution
		HideSolutionNode = FALSE
	EndGlobalSection
	GlobalSection(ExtensibilityGlobals) = postSolution
		SolutionGuid = {A01BB2D7-BD7C-491A-B420-A1ABA06588E6}
	EndGlobalSection
EndGlobal
